
Microsoft Visual Studio Solution File, Format Version 12.00
# Visual Studio Version 17
VisualStudioVersion = 17.0.31903.59
MinimumVisualStudioVersion = 10.0.40219.1
Project("{2150E333-8FDC-42A3-9474-1A3956D46DE8}") = "Source", "Source", "{04A47B44-C823-43B6-9919-F216B50A66F9}"
EndProject
Project("{2150E333-8FDC-42A3-9474-1A3956D46DE8}") = "Core", "Core", "{08442C8F-E25A-4712-B5A7-24A4032AEA4D}"
EndProject
Project("{FAE04EC0-301F-11D3-BF4B-00C04F79EFBC}") = "CleanArch.Application", "Source\Core\CleanArch.Application\CleanArch.Application.csproj", "{BD1FEE81-A934-4EAA-80E8-98CE6FD32169}"
EndProject
Project("{FAE04EC0-301F-11D3-BF4B-00C04F79EFBC}") = "CleanArch.Domain", "Source\Core\CleanArch.Domain\CleanArch.Domain.csproj", "{ED5FC410-7536-41AE-9E76-5041F3B2ACEA}"
EndProject
Project("{2150E333-8FDC-42A3-9474-1A3956D46DE8}") = "Infrastructure", "Infrastructure", "{6F836D2A-9DDC-499C-9C6E-A92176083E67}"
EndProject
Project("{FAE04EC0-301F-11D3-BF4B-00C04F79EFBC}") = "CleanArch.DAO", "Source\Infrastructure\CleanArch.DAO\CleanArch.DAO.csproj", "{3B975E3D-013E-426C-81E5-D65B5A2A7C8D}"
EndProject
Project("{2150E333-8FDC-42A3-9474-1A3956D46DE8}") = "Presenter", "Presenter", "{D1C3943D-8ACC-446F-9630-74D3986DA71C}"
EndProject
Project("{FAE04EC0-301F-11D3-BF4B-00C04F79EFBC}") = "CleanArch.API", "Source\Presenter\CleanArch.API\CleanArch.API.csproj", "{41E1DCFE-B355-4E97-9C60-07B43639A329}"
EndProject
Project("{2150E333-8FDC-42A3-9474-1A3956D46DE8}") = "Test", "Test", "{04B3C51F-5A92-4F54-B810-567284825B08}"
EndProject
Project("{FAE04EC0-301F-11D3-BF4B-00C04F79EFBC}") = "CleanArch.Unit", "Test\CleanArch.Unit\CleanArch.Unit.csproj", "{88091DEB-B204-4B7F-9B91-B6975A775AFF}"
EndProject
Global
	GlobalSection(SolutionConfigurationPlatforms) = preSolution
		Debug|Any CPU = Debug|Any CPU
		Release|Any CPU = Release|Any CPU
	EndGlobalSection
	GlobalSection(SolutionProperties) = preSolution
		HideSolutionNode = FALSE
	EndGlobalSection
	GlobalSection(ProjectConfigurationPlatforms) = postSolution
		{BD1FEE81-A934-4EAA-80E8-98CE6FD32169}.Debug|Any CPU.ActiveCfg = Debug|Any CPU
		{BD1FEE81-A934-4EAA-80E8-98CE6FD32169}.Debug|Any CPU.Build.0 = Debug|Any CPU
		{BD1FEE81-A934-4EAA-80E8-98CE6FD32169}.Release|Any CPU.ActiveCfg = Release|Any CPU
		{BD1FEE81-A934-4EAA-80E8-98CE6FD32169}.Release|Any CPU.Build.0 = Release|Any CPU
		{ED5FC410-7536-41AE-9E76-5041F3B2ACEA}.Debug|Any CPU.ActiveCfg = Debug|Any CPU
		{ED5FC410-7536-41AE-9E76-5041F3B2ACEA}.Debug|Any CPU.Build.0 = Debug|Any CPU
		{ED5FC410-7536-41AE-9E76-5041F3B2ACEA}.Release|Any CPU.ActiveCfg = Release|Any CPU
		{ED5FC410-7536-41AE-9E76-5041F3B2ACEA}.Release|Any CPU.Build.0 = Release|Any CPU
		{3B975E3D-013E-426C-81E5-D65B5A2A7C8D}.Debug|Any CPU.ActiveCfg = Debug|Any CPU
		{3B975E3D-013E-426C-81E5-D65B5A2A7C8D}.Debug|Any CPU.Build.0 = Debug|Any CPU
		{3B975E3D-013E-426C-81E5-D65B5A2A7C8D}.Release|Any CPU.ActiveCfg = Release|Any CPU
		{3B975E3D-013E-426C-81E5-D65B5A2A7C8D}.Release|Any CPU.Build.0 = Release|Any CPU
		{41E1DCFE-B355-4E97-9C60-07B43639A329}.Debug|Any CPU.ActiveCfg = Debug|Any CPU
		{41E1DCFE-B355-4E97-9C60-07B43639A329}.Debug|Any CPU.Build.0 = Debug|Any CPU
		{41E1DCFE-B355-4E97-9C60-07B43639A329}.Release|Any CPU.ActiveCfg = Release|Any CPU
		{41E1DCFE-B355-4E97-9C60-07B43639A329}.Release|Any CPU.Build.0 = Release|Any CPU
		{88091DEB-B204-4B7F-9B91-B6975A775AFF}.Debug|Any CPU.ActiveCfg = Debug|Any CPU
		{88091DEB-B204-4B7F-9B91-B6975A775AFF}.Debug|Any CPU.Build.0 = Debug|Any CPU
		{88091DEB-B204-4B7F-9B91-B6975A775AFF}.Release|Any CPU.ActiveCfg = Release|Any CPU
		{88091DEB-B204-4B7F-9B91-B6975A775AFF}.Release|Any CPU.Build.0 = Release|Any CPU
	EndGlobalSection
	GlobalSection(NestedProjects) = preSolution
		{08442C8F-E25A-4712-B5A7-24A4032AEA4D} = {04A47B44-C823-43B6-9919-F216B50A66F9}
		{BD1FEE81-A934-4EAA-80E8-98CE6FD32169} = {08442C8F-E25A-4712-B5A7-24A4032AEA4D}
		{ED5FC410-7536-41AE-9E76-5041F3B2ACEA} = {08442C8F-E25A-4712-B5A7-24A4032AEA4D}
		{6F836D2A-9DDC-499C-9C6E-A92176083E67} = {04A47B44-C823-43B6-9919-F216B50A66F9}
		{3B975E3D-013E-426C-81E5-D65B5A2A7C8D} = {6F836D2A-9DDC-499C-9C6E-A92176083E67}
		{D1C3943D-8ACC-446F-9630-74D3986DA71C} = {04A47B44-C823-43B6-9919-F216B50A66F9}
		{41E1DCFE-B355-4E97-9C60-07B43639A329} = {D1C3943D-8ACC-446F-9630-74D3986DA71C}
		{88091DEB-B204-4B7F-9B91-B6975A775AFF} = {04B3C51F-5A92-4F54-B810-567284825B08}
	EndGlobalSection
EndGlobal
